// !$*UTF8*$!
{
	archiveVersion = 1;
	classes = {
	};
	objectVersion = 48;
	objects = {

/* Begin PBXBuildFile section */
		E32042CC20BFC55000F0260B /* lbitlib.c in Sources */ = {isa = PBXBuildFile; fileRef = E320429020BFC54900F0260B /* lbitlib.c */; };
		E32042CD20BFC55000F0260B /* lopcodes.c in Sources */ = {isa = PBXBuildFile; fileRef = E320429220BFC54900F0260B /* lopcodes.c */; };
		E32042CE20BFC55000F0260B /* ldblib.c in Sources */ = {isa = PBXBuildFile; fileRef = E320429420BFC54A00F0260B /* ldblib.c */; };
		E32042CF20BFC55000F0260B /* lgc.c in Sources */ = {isa = PBXBuildFile; fileRef = E320429520BFC54A00F0260B /* lgc.c */; };
		E32042D020BFC55000F0260B /* luac.c in Sources */ = {isa = PBXBuildFile; fileRef = E320429720BFC54A00F0260B /* luac.c */; };
		E32042D120BFC55000F0260B /* lfunc.c in Sources */ = {isa = PBXBuildFile; fileRef = E320429820BFC54A00F0260B /* lfunc.c */; };
		E32042D220BFC55000F0260B /* ltablib.c in Sources */ = {isa = PBXBuildFile; fileRef = E320429A20BFC54A00F0260B /* ltablib.c */; };
		E32042D320BFC55000F0260B /* ltm.c in Sources */ = {isa = PBXBuildFile; fileRef = E320429B20BFC54A00F0260B /* ltm.c */; };
		E32042D420BFC55000F0260B /* llex.c in Sources */ = {isa = PBXBuildFile; fileRef = E320429C20BFC54A00F0260B /* llex.c */; };
		E32042D520BFC55000F0260B /* linit.c in Sources */ = {isa = PBXBuildFile; fileRef = E320429D20BFC54A00F0260B /* linit.c */; };
		E32042D620BFC55000F0260B /* lutf8lib.c in Sources */ = {isa = PBXBuildFile; fileRef = E320429E20BFC54A00F0260B /* lutf8lib.c */; };
		E32042D720BFC55000F0260B /* lstate.c in Sources */ = {isa = PBXBuildFile; fileRef = E32042A120BFC54A00F0260B /* lstate.c */; };
		E32042D820BFC55000F0260B /* Makefile in Sources */ = {isa = PBXBuildFile; fileRef = E32042A220BFC54A00F0260B /* Makefile */; };
		E32042D920BFC55000F0260B /* loslib.c in Sources */ = {isa = PBXBuildFile; fileRef = E32042A420BFC54B00F0260B /* loslib.c */; };
		E32042DA20BFC55000F0260B /* lzio.c in Sources */ = {isa = PBXBuildFile; fileRef = E32042A720BFC54B00F0260B /* lzio.c */; };
		E32042DB20BFC55000F0260B /* loadlib.c in Sources */ = {isa = PBXBuildFile; fileRef = E32042A820BFC54B00F0260B /* loadlib.c */; };
		E32042DC20BFC55000F0260B /* liolib.c in Sources */ = {isa = PBXBuildFile; fileRef = E32042AC20BFC54D00F0260B /* liolib.c */; };
		E32042DD20BFC55000F0260B /* lauxlib.c in Sources */ = {isa = PBXBuildFile; fileRef = E32042AD20BFC54D00F0260B /* lauxlib.c */; };
		E32042DE20BFC55000F0260B /* lcode.c in Sources */ = {isa = PBXBuildFile; fileRef = E32042B120BFC54D00F0260B /* lcode.c */; };
		E32042DF20BFC55000F0260B /* ltable.c in Sources */ = {isa = PBXBuildFile; fileRef = E32042B220BFC54E00F0260B /* ltable.c */; };
		E32042E020BFC55000F0260B /* lobject.c in Sources */ = {isa = PBXBuildFile; fileRef = E32042B320BFC54E00F0260B /* lobject.c */; };
		E32042E120BFC55000F0260B /* lstrlib.c in Sources */ = {isa = PBXBuildFile; fileRef = E32042B620BFC54E00F0260B /* lstrlib.c */; };
		E32042E220BFC55000F0260B /* lmem.c in Sources */ = {isa = PBXBuildFile; fileRef = E32042B820BFC54E00F0260B /* lmem.c */; };
		E32042E320BFC55000F0260B /* ldebug.c in Sources */ = {isa = PBXBuildFile; fileRef = E32042B920BFC54E00F0260B /* ldebug.c */; };
		E32042E420BFC55000F0260B /* lua.c in Sources */ = {isa = PBXBuildFile; fileRef = E32042BB20BFC54F00F0260B /* lua.c */; };
		E32042E520BFC55000F0260B /* lbaselib.c in Sources */ = {isa = PBXBuildFile; fileRef = E32042BC20BFC54F00F0260B /* lbaselib.c */; };
		E32042E620BFC55000F0260B /* lundump.c in Sources */ = {isa = PBXBuildFile; fileRef = E32042BD20BFC54F00F0260B /* lundump.c */; };
		E32042E720BFC55000F0260B /* lmathlib.c in Sources */ = {isa = PBXBuildFile; fileRef = E32042BE20BFC54F00F0260B /* lmathlib.c */; };
		E32042E820BFC55000F0260B /* lstring.c in Sources */ = {isa = PBXBuildFile; fileRef = E32042C020BFC54F00F0260B /* lstring.c */; };
		E32042E920BFC55000F0260B /* lctype.c in Sources */ = {isa = PBXBuildFile; fileRef = E32042C220BFC54F00F0260B /* lctype.c */; };
		E32042EA20BFC55000F0260B /* lparser.c in Sources */ = {isa = PBXBuildFile; fileRef = E32042C320BFC54F00F0260B /* lparser.c */; };
		E32042EB20BFC55000F0260B /* lcorolib.c in Sources */ = {isa = PBXBuildFile; fileRef = E32042C420BFC54F00F0260B /* lcorolib.c */; };
		E32042EC20BFC55000F0260B /* lvm.c in Sources */ = {isa = PBXBuildFile; fileRef = E32042C520BFC55000F0260B /* lvm.c */; };
		E32042ED20BFC55000F0260B /* ldump.c in Sources */ = {isa = PBXBuildFile; fileRef = E32042C720BFC55000F0260B /* ldump.c */; };
		E32042EE20BFC55000F0260B /* lapi.c in Sources */ = {isa = PBXBuildFile; fileRef = E32042C820BFC55000F0260B /* lapi.c */; };
		E32042EF20BFC55000F0260B /* ldo.c in Sources */ = {isa = PBXBuildFile; fileRef = E32042C920BFC55000F0260B /* ldo.c */; };
		E32042F820BFC58400F0260B /* tolua_event.c in Sources */ = {isa = PBXBuildFile; fileRef = E32042F120BFC58300F0260B /* tolua_event.c */; };
		E32042F920BFC58400F0260B /* tolua_push.c in Sources */ = {isa = PBXBuildFile; fileRef = E32042F220BFC58300F0260B /* tolua_push.c */; };
		E32042FA20BFC58400F0260B /* tolua_map.c in Sources */ = {isa = PBXBuildFile; fileRef = E32042F420BFC58300F0260B /* tolua_map.c */; };
		E32042FB20BFC58400F0260B /* tolua_to.c in Sources */ = {isa = PBXBuildFile; fileRef = E32042F520BFC58300F0260B /* tolua_to.c */; };
		E32042FC20BFC58400F0260B /* tolua_is.c in Sources */ = {isa = PBXBuildFile; fileRef = E32042F620BFC58300F0260B /* tolua_is.c */; };
/* End PBXBuildFile section */

/* Begin PBXCopyFilesBuildPhase section */
		E320427D20BFC4E400F0260B /* CopyFiles */ = {
			isa = PBXCopyFilesBuildPhase;
			buildActionMask = 2147483647;
			dstPath = "include/$(PRODUCT_NAME)";
			dstSubfolderSpec = 16;
			files = (
			);
			runOnlyForDeploymentPostprocessing = 0;
		};
/* End PBXCopyFilesBuildPhase section */

/* Begin PBXFileReference section */
		E320427F20BFC4E400F0260B /* libxcode_compiler_tolua_lua53_iOS_lib.a */ = {isa = PBXFileReference; explicitFileType = archive.ar; includeInIndex = 0; path = libxcode_compiler_tolua_lua53_iOS_lib.a; sourceTree = BUILT_PRODUCTS_DIR; };
		E320428E20BFC54900F0260B /* llimits.h */ = {isa = PBXFileReference; fileEncoding = 4; lastKnownFileType = sourcecode.c.h; path = llimits.h; sourceTree = "<group>"; };
		E320428F20BFC54900F0260B /* lgc.h */ = {isa = PBXFileReference; fileEncoding = 4; lastKnownFileType = sourcecode.c.h; path = lgc.h; sourceTree = "<group>"; };
		E320429020BFC54900F0260B /* lbitlib.c */ = {isa = PBXFileReference; fileEncoding = 4; lastKnownFileType = sourcecode.c.c; path = lbitlib.c; sourceTree = "<group>"; };
		E320429120BFC54900F0260B /* lctype.h */ = {isa = PBXFileReference; fileEncoding = 4; lastKnownFileType = sourcecode.c.h; path = lctype.h; sourceTree = "<group>"; };
		E320429220BFC54900F0260B /* lopcodes.c */ = {isa = PBXFileReference; fileEncoding = 4; lastKnownFileType = sourcecode.c.c; path = lopcodes.c; sourceTree = "<group>"; };
		E320429320BFC54900F0260B /* lparser.h */ = {isa = PBXFileReference; fileEncoding = 4; lastKnownFileType = sourcecode.c.h; path = lparser.h; sourceTree = "<group>"; };
		E320429420BFC54A00F0260B /* ldblib.c */ = {isa = PBXFileReference; fileEncoding = 4; lastKnownFileType = sourcecode.c.c; path = ldblib.c; sourceTree = "<group>"; };
		E320429520BFC54A00F0260B /* lgc.c */ = {isa = PBXFileReference; fileEncoding = 4; lastKnownFileType = sourcecode.c.c; path = lgc.c; sourceTree = "<group>"; };
		E320429620BFC54A00F0260B /* lzio.h */ = {isa = PBXFileReference; fileEncoding = 4; lastKnownFileType = sourcecode.c.h; path = lzio.h; sourceTree = "<group>"; };
		E320429720BFC54A00F0260B /* luac.c */ = {isa = PBXFileReference; fileEncoding = 4; lastKnownFileType = sourcecode.c.c; path = luac.c; sourceTree = "<group>"; };
		E320429820BFC54A00F0260B /* lfunc.c */ = {isa = PBXFileReference; fileEncoding = 4; lastKnownFileType = sourcecode.c.c; path = lfunc.c; sourceTree = "<group>"; };
		E320429920BFC54A00F0260B /* lfunc.h */ = {isa = PBXFileReference; fileEncoding = 4; lastKnownFileType = sourcecode.c.h; path = lfunc.h; sourceTree = "<group>"; };
		E320429A20BFC54A00F0260B /* ltablib.c */ = {isa = PBXFileReference; fileEncoding = 4; lastKnownFileType = sourcecode.c.c; path = ltablib.c; sourceTree = "<group>"; };
		E320429B20BFC54A00F0260B /* ltm.c */ = {isa = PBXFileReference; fileEncoding = 4; lastKnownFileType = sourcecode.c.c; path = ltm.c; sourceTree = "<group>"; };
		E320429C20BFC54A00F0260B /* llex.c */ = {isa = PBXFileReference; fileEncoding = 4; lastKnownFileType = sourcecode.c.c; path = llex.c; sourceTree = "<group>"; };
		E320429D20BFC54A00F0260B /* linit.c */ = {isa = PBXFileReference; fileEncoding = 4; lastKnownFileType = sourcecode.c.c; path = linit.c; sourceTree = "<group>"; };
		E320429E20BFC54A00F0260B /* lutf8lib.c */ = {isa = PBXFileReference; fileEncoding = 4; lastKnownFileType = sourcecode.c.c; path = lutf8lib.c; sourceTree = "<group>"; };
		E320429F20BFC54A00F0260B /* lstring.h */ = {isa = PBXFileReference; fileEncoding = 4; lastKnownFileType = sourcecode.c.h; path = lstring.h; sourceTree = "<group>"; };
		E32042A020BFC54A00F0260B /* lapi.h */ = {isa = PBXFileReference; fileEncoding = 4; lastKnownFileType = sourcecode.c.h; path = lapi.h; sourceTree = "<group>"; };
		E32042A120BFC54A00F0260B /* lstate.c */ = {isa = PBXFileReference; fileEncoding = 4; lastKnownFileType = sourcecode.c.c; path = lstate.c; sourceTree = "<group>"; };
		E32042A220BFC54A00F0260B /* Makefile */ = {isa = PBXFileReference; fileEncoding = 4; lastKnownFileType = sourcecode.make; path = Makefile; sourceTree = "<group>"; };
		E32042A320BFC54A00F0260B /* lua.h */ = {isa = PBXFileReference; fileEncoding = 4; lastKnownFileType = sourcecode.c.h; path = lua.h; sourceTree = "<group>"; };
		E32042A420BFC54B00F0260B /* loslib.c */ = {isa = PBXFileReference; fileEncoding = 4; lastKnownFileType = sourcecode.c.c; path = loslib.c; sourceTree = "<group>"; };
		E32042A520BFC54B00F0260B /* llex.h */ = {isa = PBXFileReference; fileEncoding = 4; lastKnownFileType = sourcecode.c.h; path = llex.h; sourceTree = "<group>"; };
		E32042A620BFC54B00F0260B /* ltm.h */ = {isa = PBXFileReference; fileEncoding = 4; lastKnownFileType = sourcecode.c.h; path = ltm.h; sourceTree = "<group>"; };
		E32042A720BFC54B00F0260B /* lzio.c */ = {isa = PBXFileReference; fileEncoding = 4; lastKnownFileType = sourcecode.c.c; path = lzio.c; sourceTree = "<group>"; };
		E32042A820BFC54B00F0260B /* loadlib.c */ = {isa = PBXFileReference; fileEncoding = 4; lastKnownFileType = sourcecode.c.c; path = loadlib.c; sourceTree = "<group>"; };
		E32042A920BFC54B00F0260B /* lopcodes.h */ = {isa = PBXFileReference; fileEncoding = 4; lastKnownFileType = sourcecode.c.h; path = lopcodes.h; sourceTree = "<group>"; };
		E32042AA20BFC54B00F0260B /* lprefix.h */ = {isa = PBXFileReference; fileEncoding = 4; lastKnownFileType = sourcecode.c.h; path = lprefix.h; sourceTree = "<group>"; };
		E32042AB20BFC54D00F0260B /* lualib.h */ = {isa = PBXFileReference; fileEncoding = 4; lastKnownFileType = sourcecode.c.h; path = lualib.h; sourceTree = "<group>"; };
		E32042AC20BFC54D00F0260B /* liolib.c */ = {isa = PBXFileReference; fileEncoding = 4; lastKnownFileType = sourcecode.c.c; path = liolib.c; sourceTree = "<group>"; };
		E32042AD20BFC54D00F0260B /* lauxlib.c */ = {isa = PBXFileReference; fileEncoding = 4; lastKnownFileType = sourcecode.c.c; path = lauxlib.c; sourceTree = "<group>"; };
		E32042AE20BFC54D00F0260B /* lundump.h */ = {isa = PBXFileReference; fileEncoding = 4; lastKnownFileType = sourcecode.c.h; path = lundump.h; sourceTree = "<group>"; };
		E32042AF20BFC54D00F0260B /* lmem.h */ = {isa = PBXFileReference; fileEncoding = 4; lastKnownFileType = sourcecode.c.h; path = lmem.h; sourceTree = "<group>"; };
		E32042B020BFC54D00F0260B /* lvm.h */ = {isa = PBXFileReference; fileEncoding = 4; lastKnownFileType = sourcecode.c.h; path = lvm.h; sourceTree = "<group>"; };
		E32042B120BFC54D00F0260B /* lcode.c */ = {isa = PBXFileReference; fileEncoding = 4; lastKnownFileType = sourcecode.c.c; path = lcode.c; sourceTree = "<group>"; };
		E32042B220BFC54E00F0260B /* ltable.c */ = {isa = PBXFileReference; fileEncoding = 4; lastKnownFileType = sourcecode.c.c; path = ltable.c; sourceTree = "<group>"; };
		E32042B320BFC54E00F0260B /* lobject.c */ = {isa = PBXFileReference; fileEncoding = 4; lastKnownFileType = sourcecode.c.c; path = lobject.c; sourceTree = "<group>"; };
		E32042B420BFC54E00F0260B /* luaconf.h */ = {isa = PBXFileReference; fileEncoding = 4; lastKnownFileType = sourcecode.c.h; path = luaconf.h; sourceTree = "<group>"; };
		E32042B520BFC54E00F0260B /* lstate.h */ = {isa = PBXFileReference; fileEncoding = 4; lastKnownFileType = sourcecode.c.h; path = lstate.h; sourceTree = "<group>"; };
		E32042B620BFC54E00F0260B /* lstrlib.c */ = {isa = PBXFileReference; fileEncoding = 4; lastKnownFileType = sourcecode.c.c; path = lstrlib.c; sourceTree = "<group>"; };
		E32042B720BFC54E00F0260B /* ltable.h */ = {isa = PBXFileReference; fileEncoding = 4; lastKnownFileType = sourcecode.c.h; path = ltable.h; sourceTree = "<group>"; };
		E32042B820BFC54E00F0260B /* lmem.c */ = {isa = PBXFileReference; fileEncoding = 4; lastKnownFileType = sourcecode.c.c; path = lmem.c; sourceTree = "<group>"; };
		E32042B920BFC54E00F0260B /* ldebug.c */ = {isa = PBXFileReference; fileEncoding = 4; lastKnownFileType = sourcecode.c.c; path = ldebug.c; sourceTree = "<group>"; };
		E32042BA20BFC54E00F0260B /* ldo.h */ = {isa = PBXFileReference; fileEncoding = 4; lastKnownFileType = sourcecode.c.h; path = ldo.h; sourceTree = "<group>"; };
		E32042BB20BFC54F00F0260B /* lua.c */ = {isa = PBXFileReference; fileEncoding = 4; lastKnownFileType = sourcecode.c.c; path = lua.c; sourceTree = "<group>"; };
		E32042BC20BFC54F00F0260B /* lbaselib.c */ = {isa = PBXFileReference; fileEncoding = 4; lastKnownFileType = sourcecode.c.c; path = lbaselib.c; sourceTree = "<group>"; };
		E32042BD20BFC54F00F0260B /* lundump.c */ = {isa = PBXFileReference; fileEncoding = 4; lastKnownFileType = sourcecode.c.c; path = lundump.c; sourceTree = "<group>"; };
		E32042BE20BFC54F00F0260B /* lmathlib.c */ = {isa = PBXFileReference; fileEncoding = 4; lastKnownFileType = sourcecode.c.c; path = lmathlib.c; sourceTree = "<group>"; };
		E32042BF20BFC54F00F0260B /* lobject.h */ = {isa = PBXFileReference; fileEncoding = 4; lastKnownFileType = sourcecode.c.h; path = lobject.h; sourceTree = "<group>"; };
		E32042C020BFC54F00F0260B /* lstring.c */ = {isa = PBXFileReference; fileEncoding = 4; lastKnownFileType = sourcecode.c.c; path = lstring.c; sourceTree = "<group>"; };
		E32042C120BFC54F00F0260B /* lauxlib.h */ = {isa = PBXFileReference; fileEncoding = 4; lastKnownFileType = sourcecode.c.h; path = lauxlib.h; sourceTree = "<group>"; };
		E32042C220BFC54F00F0260B /* lctype.c */ = {isa = PBXFileReference; fileEncoding = 4; lastKnownFileType = sourcecode.c.c; path = lctype.c; sourceTree = "<group>"; };
		E32042C320BFC54F00F0260B /* lparser.c */ = {isa = PBXFileReference; fileEncoding = 4; lastKnownFileType = sourcecode.c.c; path = lparser.c; sourceTree = "<group>"; };
		E32042C420BFC54F00F0260B /* lcorolib.c */ = {isa = PBXFileReference; fileEncoding = 4; lastKnownFileType = sourcecode.c.c; path = lcorolib.c; sourceTree = "<group>"; };
		E32042C520BFC55000F0260B /* lvm.c */ = {isa = PBXFileReference; fileEncoding = 4; lastKnownFileType = sourcecode.c.c; path = lvm.c; sourceTree = "<group>"; };
		E32042C620BFC55000F0260B /* lcode.h */ = {isa = PBXFileReference; fileEncoding = 4; lastKnownFileType = sourcecode.c.h; path = lcode.h; sourceTree = "<group>"; };
		E32042C720BFC55000F0260B /* ldump.c */ = {isa = PBXFileReference; fileEncoding = 4; lastKnownFileType = sourcecode.c.c; path = ldump.c; sourceTree = "<group>"; };
		E32042C820BFC55000F0260B /* lapi.c */ = {isa = PBXFileReference; fileEncoding = 4; lastKnownFileType = sourcecode.c.c; path = lapi.c; sourceTree = "<group>"; };
		E32042C920BFC55000F0260B /* ldo.c */ = {isa = PBXFileReference; fileEncoding = 4; lastKnownFileType = sourcecode.c.c; path = ldo.c; sourceTree = "<group>"; };
		E32042CA20BFC55000F0260B /* lua.hpp */ = {isa = PBXFileReference; fileEncoding = 4; lastKnownFileType = sourcecode.cpp.h; path = lua.hpp; sourceTree = "<group>"; };
		E32042CB20BFC55000F0260B /* ldebug.h */ = {isa = PBXFileReference; fileEncoding = 4; lastKnownFileType = sourcecode.c.h; path = ldebug.h; sourceTree = "<group>"; };
		E32042F120BFC58300F0260B /* tolua_event.c */ = {isa = PBXFileReference; fileEncoding = 4; lastKnownFileType = sourcecode.c.c; path = tolua_event.c; sourceTree = "<group>"; };
		E32042F220BFC58300F0260B /* tolua_push.c */ = {isa = PBXFileReference; fileEncoding = 4; lastKnownFileType = sourcecode.c.c; path = tolua_push.c; sourceTree = "<group>"; };
		E32042F320BFC58300F0260B /* tolua_event.h */ = {isa = PBXFileReference; fileEncoding = 4; lastKnownFileType = sourcecode.c.h; path = tolua_event.h; sourceTree = "<group>"; };
		E32042F420BFC58300F0260B /* tolua_map.c */ = {isa = PBXFileReference; fileEncoding = 4; lastKnownFileType = sourcecode.c.c; path = tolua_map.c; sourceTree = "<group>"; };
		E32042F520BFC58300F0260B /* tolua_to.c */ = {isa = PBXFileReference; fileEncoding = 4; lastKnownFileType = sourcecode.c.c; path = tolua_to.c; sourceTree = "<group>"; };
		E32042F620BFC58300F0260B /* tolua_is.c */ = {isa = PBXFileReference; fileEncoding = 4; lastKnownFileType = sourcecode.c.c; path = tolua_is.c; sourceTree = "<group>"; };
		E32042F720BFC58400F0260B /* tolua++.h */ = {isa = PBXFileReference; fileEncoding = 4; lastKnownFileType = sourcecode.c.h; path = "tolua++.h"; sourceTree = "<group>"; };
/* End PBXFileReference section */

/* Begin PBXFrameworksBuildPhase section */
		E320427C20BFC4E400F0260B /* Frameworks */ = {
			isa = PBXFrameworksBuildPhase;
			buildActionMask = 2147483647;
			files = (
			);
			runOnlyForDeploymentPostprocessing = 0;
		};
/* End PBXFrameworksBuildPhase section */

/* Begin PBXGroup section */
		E320427620BFC4E400F0260B = {
			isa = PBXGroup;
			children = (
				E320428120BFC4E400F0260B /* xcode_compiler_tolua_lua53_iOS_lib */,
				E320428020BFC4E400F0260B /* Products */,
			);
			sourceTree = "<group>";
		};
		E320428020BFC4E400F0260B /* Products */ = {
			isa = PBXGroup;
			children = (
				E320427F20BFC4E400F0260B /* libxcode_compiler_tolua_lua53_iOS_lib.a */,
			);
			name = Products;
			sourceTree = "<group>";
		};
		E320428120BFC4E400F0260B /* xcode_compiler_tolua_lua53_iOS_lib */ = {
			isa = PBXGroup;
			children = (
				E32042F020BFC56C00F0260B /* tolua */,
				E320428B20BFC50700F0260B /* lua */,
			);
			path = xcode_compiler_tolua_lua53_iOS_lib;
			sourceTree = "<group>";
		};
		E320428B20BFC50700F0260B /* lua */ = {
			isa = PBXGroup;
			children = (
				E32042C820BFC55000F0260B /* lapi.c */,
				E32042A020BFC54A00F0260B /* lapi.h */,
				E32042AD20BFC54D00F0260B /* lauxlib.c */,
				E32042C120BFC54F00F0260B /* lauxlib.h */,
				E32042BC20BFC54F00F0260B /* lbaselib.c */,
				E320429020BFC54900F0260B /* lbitlib.c */,
				E32042B120BFC54D00F0260B /* lcode.c */,
				E32042C620BFC55000F0260B /* lcode.h */,
				E32042C420BFC54F00F0260B /* lcorolib.c */,
				E32042C220BFC54F00F0260B /* lctype.c */,
				E320429120BFC54900F0260B /* lctype.h */,
				E320429420BFC54A00F0260B /* ldblib.c */,
				E32042B920BFC54E00F0260B /* ldebug.c */,
				E32042CB20BFC55000F0260B /* ldebug.h */,
				E32042C920BFC55000F0260B /* ldo.c */,
				E32042BA20BFC54E00F0260B /* ldo.h */,
				E32042C720BFC55000F0260B /* ldump.c */,
				E320429820BFC54A00F0260B /* lfunc.c */,
				E320429920BFC54A00F0260B /* lfunc.h */,
				E320429520BFC54A00F0260B /* lgc.c */,
				E320428F20BFC54900F0260B /* lgc.h */,
				E320429D20BFC54A00F0260B /* linit.c */,
				E32042AC20BFC54D00F0260B /* liolib.c */,
				E320429C20BFC54A00F0260B /* llex.c */,
				E32042A520BFC54B00F0260B /* llex.h */,
				E320428E20BFC54900F0260B /* llimits.h */,
				E32042BE20BFC54F00F0260B /* lmathlib.c */,
				E32042B820BFC54E00F0260B /* lmem.c */,
				E32042AF20BFC54D00F0260B /* lmem.h */,
				E32042A820BFC54B00F0260B /* loadlib.c */,
				E32042B320BFC54E00F0260B /* lobject.c */,
				E32042BF20BFC54F00F0260B /* lobject.h */,
				E320429220BFC54900F0260B /* lopcodes.c */,
				E32042A920BFC54B00F0260B /* lopcodes.h */,
				E32042A420BFC54B00F0260B /* loslib.c */,
				E32042C320BFC54F00F0260B /* lparser.c */,
				E320429320BFC54900F0260B /* lparser.h */,
				E32042AA20BFC54B00F0260B /* lprefix.h */,
				E32042A120BFC54A00F0260B /* lstate.c */,
				E32042B520BFC54E00F0260B /* lstate.h */,
				E32042C020BFC54F00F0260B /* lstring.c */,
				E320429F20BFC54A00F0260B /* lstring.h */,
				E32042B620BFC54E00F0260B /* lstrlib.c */,
				E32042B220BFC54E00F0260B /* ltable.c */,
				E32042B720BFC54E00F0260B /* ltable.h */,
				E320429A20BFC54A00F0260B /* ltablib.c */,
				E320429B20BFC54A00F0260B /* ltm.c */,
				E32042A620BFC54B00F0260B /* ltm.h */,
				E32042BB20BFC54F00F0260B /* lua.c */,
				E32042A320BFC54A00F0260B /* lua.h */,
				E32042CA20BFC55000F0260B /* lua.hpp */,
				E320429720BFC54A00F0260B /* luac.c */,
				E32042B420BFC54E00F0260B /* luaconf.h */,
				E32042AB20BFC54D00F0260B /* lualib.h */,
				E32042BD20BFC54F00F0260B /* lundump.c */,
				E32042AE20BFC54D00F0260B /* lundump.h */,
				E320429E20BFC54A00F0260B /* lutf8lib.c */,
				E32042C520BFC55000F0260B /* lvm.c */,
				E32042B020BFC54D00F0260B /* lvm.h */,
				E32042A720BFC54B00F0260B /* lzio.c */,
				E320429620BFC54A00F0260B /* lzio.h */,
				E32042A220BFC54A00F0260B /* Makefile */,
			);
			path = lua;
			sourceTree = "<group>";
		};
		E32042F020BFC56C00F0260B /* tolua */ = {
			isa = PBXGroup;
			children = (
				E32042F120BFC58300F0260B /* tolua_event.c */,
				E32042F320BFC58300F0260B /* tolua_event.h */,
				E32042F620BFC58300F0260B /* tolua_is.c */,
				E32042F420BFC58300F0260B /* tolua_map.c */,
				E32042F220BFC58300F0260B /* tolua_push.c */,
				E32042F520BFC58300F0260B /* tolua_to.c */,
				E32042F720BFC58400F0260B /* tolua++.h */,
			);
			path = tolua;
			sourceTree = "<group>";
		};
/* End PBXGroup section */

/* Begin PBXNativeTarget section */
		E320427E20BFC4E400F0260B /* xcode_compiler_tolua_lua53_iOS_lib */ = {
			isa = PBXNativeTarget;
			buildConfigurationList = E320428820BFC4E400F0260B /* Build configuration list for PBXNativeTarget "xcode_compiler_tolua_lua53_iOS_lib" */;
			buildPhases = (
				E320427B20BFC4E400F0260B /* Sources */,
				E320427C20BFC4E400F0260B /* Frameworks */,
				E320427D20BFC4E400F0260B /* CopyFiles */,
			);
			buildRules = (
			);
			dependencies = (
			);
			name = xcode_compiler_tolua_lua53_iOS_lib;
			productName = xcode_compiler_tolua_lua53_iOS_lib;
			productReference = E320427F20BFC4E400F0260B /* libxcode_compiler_tolua_lua53_iOS_lib.a */;
			productType = "com.apple.product-type.library.static";
		};
/* End PBXNativeTarget section */

/* Begin PBXProject section */
		E320427720BFC4E400F0260B /* Project object */ = {
			isa = PBXProject;
			attributes = {
				LastUpgradeCheck = 0920;
				ORGANIZATIONNAME = lifs;
				TargetAttributes = {
					E320427E20BFC4E400F0260B = {
						CreatedOnToolsVersion = 9.2;
						ProvisioningStyle = Automatic;
					};
				};
			};
			buildConfigurationList = E320427A20BFC4E400F0260B /* Build configuration list for PBXProject "xcode_compiler_tolua_lua53_iOS_lib" */;
			compatibilityVersion = "Xcode 8.0";
			developmentRegion = en;
			hasScannedForEncodings = 0;
			knownRegions = (
				en,
			);
			mainGroup = E320427620BFC4E400F0260B;
			productRefGroup = E320428020BFC4E400F0260B /* Products */;
			projectDirPath = "";
			projectRoot = "";
			targets = (
				E320427E20BFC4E400F0260B /* xcode_compiler_tolua_lua53_iOS_lib */,
			);
		};
/* End PBXProject section */

/* Begin PBXSourcesBuildPhase section */
		E320427B20BFC4E400F0260B /* Sources */ = {
			isa = PBXSourcesBuildPhase;
			buildActionMask = 2147483647;
			files = (
				E32042EC20BFC55000F0260B /* lvm.c in Sources */,
				E32042D120BFC55000F0260B /* lfunc.c in Sources */,
				E32042E020BFC55000F0260B /* lobject.c in Sources */,
				E32042DF20BFC55000F0260B /* ltable.c in Sources */,
				E32042DB20BFC55000F0260B /* loadlib.c in Sources */,
				E32042E420BFC55000F0260B /* lua.c in Sources */,
				E32042ED20BFC55000F0260B /* ldump.c in Sources */,
				E32042E320BFC55000F0260B /* ldebug.c in Sources */,
				E32042FA20BFC58400F0260B /* tolua_map.c in Sources */,
				E32042EA20BFC55000F0260B /* lparser.c in Sources */,
				E32042FB20BFC58400F0260B /* tolua_to.c in Sources */,
				E32042D020BFC55000F0260B /* luac.c in Sources */,
				E32042D720BFC55000F0260B /* lstate.c in Sources */,
				E32042E820BFC55000F0260B /* lstring.c in Sources */,
				E32042CF20BFC55000F0260B /* lgc.c in Sources */,
				E32042E920BFC55000F0260B /* lctype.c in Sources */,
				E32042F820BFC58400F0260B /* tolua_event.c in Sources */,
				E32042F920BFC58400F0260B /* tolua_push.c in Sources */,
				E32042FC20BFC58400F0260B /* tolua_is.c in Sources */,
				E32042E520BFC55000F0260B /* lbaselib.c in Sources */,
				E32042E220BFC55000F0260B /* lmem.c in Sources */,
				E32042DC20BFC55000F0260B /* liolib.c in Sources */,
				E32042E720BFC55000F0260B /* lmathlib.c in Sources */,
				E32042D920BFC55000F0260B /* loslib.c in Sources */,
				E32042EB20BFC55000F0260B /* lcorolib.c in Sources */,
				E32042E620BFC55000F0260B /* lundump.c in Sources */,
				E32042DA20BFC55000F0260B /* lzio.c in Sources */,
				E32042D420BFC55000F0260B /* llex.c in Sources */,
				E32042D620BFC55000F0260B /* lutf8lib.c in Sources */,
				E32042DE20BFC55000F0260B /* lcode.c in Sources */,
				E32042D320BFC55000F0260B /* ltm.c in Sources */,
				E32042DD20BFC55000F0260B /* lauxlib.c in Sources */,
				E32042CE20BFC55000F0260B /* ldblib.c in Sources */,
				E32042E120BFC55000F0260B /* lstrlib.c in Sources */,
				E32042CD20BFC55000F0260B /* lopcodes.c in Sources */,
				E32042EE20BFC55000F0260B /* lapi.c in Sources */,
				E32042CC20BFC55000F0260B /* lbitlib.c in Sources */,
				E32042D820BFC55000F0260B /* Makefile in Sources */,
				E32042EF20BFC55000F0260B /* ldo.c in Sources */,
				E32042D520BFC55000F0260B /* linit.c in Sources */,
				E32042D220BFC55000F0260B /* ltablib.c in Sources */,
			);
			runOnlyForDeploymentPostprocessing = 0;
		};
/* End PBXSourcesBuildPhase section */

/* Begin XCBuildConfiguration section */
		E320428620BFC4E400F0260B /* Debug */ = {
			isa = XCBuildConfiguration;
			buildSettings = {
				ALWAYS_SEARCH_USER_PATHS = NO;
				CLANG_ANALYZER_NONNULL = YES;
				CLANG_ANALYZER_NUMBER_OBJECT_CONVERSION = YES_AGGRESSIVE;
				CLANG_CXX_LANGUAGE_STANDARD = "gnu++14";
				CLANG_CXX_LIBRARY = "libc++";
				CLANG_ENABLE_MODULES = YES;
				CLANG_ENABLE_OBJC_ARC = YES;
				CLANG_WARN_BLOCK_CAPTURE_AUTORELEASING = YES;
				CLANG_WARN_BOOL_CONVERSION = YES;
				CLANG_WARN_COMMA = YES;
				CLANG_WARN_CONSTANT_CONVERSION = YES;
				CLANG_WARN_DIRECT_OBJC_ISA_USAGE = YES_ERROR;
				CLANG_WARN_DOCUMENTATION_COMMENTS = YES;
				CLANG_WARN_EMPTY_BODY = YES;
				CLANG_WARN_ENUM_CONVERSION = YES;
				CLANG_WARN_INFINITE_RECURSION = YES;
				CLANG_WARN_INT_CONVERSION = YES;
				CLANG_WARN_NON_LITERAL_NULL_CONVERSION = YES;
				CLANG_WARN_OBJC_LITERAL_CONVERSION = YES;
				CLANG_WARN_OBJC_ROOT_CLASS = YES_ERROR;
				CLANG_WARN_RANGE_LOOP_ANALYSIS = YES;
				CLANG_WARN_STRICT_PROTOTYPES = YES;
				CLANG_WARN_SUSPICIOUS_MOVE = YES;
				CLANG_WARN_UNGUARDED_AVAILABILITY = YES_AGGRESSIVE;
				CLANG_WARN_UNREACHABLE_CODE = YES;
				CLANG_WARN__DUPLICATE_METHOD_MATCH = YES;
				CODE_SIGN_IDENTITY = "iPhone Developer";
				COPY_PHASE_STRIP = NO;
				DEBUG_INFORMATION_FORMAT = dwarf;
				ENABLE_STRICT_OBJC_MSGSEND = YES;
				ENABLE_TESTABILITY = YES;
				GCC_C_LANGUAGE_STANDARD = gnu11;
				GCC_DYNAMIC_NO_PIC = NO;
				GCC_NO_COMMON_BLOCKS = YES;
				GCC_OPTIMIZATION_LEVEL = 0;
				GCC_PREPROCESSOR_DEFINITIONS = (
					"DEBUG=1",
					"$(inherited)",
				);
				GCC_WARN_64_TO_32_BIT_CONVERSION = YES;
				GCC_WARN_ABOUT_RETURN_TYPE = YES_ERROR;
				GCC_WARN_UNDECLARED_SELECTOR = YES;
				GCC_WARN_UNINITIALIZED_AUTOS = YES_AGGRESSIVE;
				GCC_WARN_UNUSED_FUNCTION = YES;
				GCC_WARN_UNUSED_VARIABLE = YES;
				IPHONEOS_DEPLOYMENT_TARGET = 11.2;
				MTL_ENABLE_DEBUG_INFO = YES;
				ONLY_ACTIVE_ARCH = YES;
				SDKROOT = iphoneos;
			};
			name = Debug;
		};
		E320428720BFC4E400F0260B /* Release */ = {
			isa = XCBuildConfiguration;
			buildSettings = {
				ALWAYS_SEARCH_USER_PATHS = NO;
				CLANG_ANALYZER_NONNULL = YES;
				CLANG_ANALYZER_NUMBER_OBJECT_CONVERSION = YES_AGGRESSIVE;
				CLANG_CXX_LANGUAGE_STANDARD = "gnu++14";
				CLANG_CXX_LIBRARY = "libc++";
				CLANG_ENABLE_MODULES = YES;
				CLANG_ENABLE_OBJC_ARC = YES;
				CLANG_WARN_BLOCK_CAPTURE_AUTORELEASING = YES;
				CLANG_WARN_BOOL_CONVERSION = YES;
				CLANG_WARN_COMMA = YES;
				CLANG_WARN_CONSTANT_CONVERSION = YES;
				CLANG_WARN_DIRECT_OBJC_ISA_USAGE = YES_ERROR;
				CLANG_WARN_DOCUMENTATION_COMMENTS = YES;
				CLANG_WARN_EMPTY_BODY = YES;
				CLANG_WARN_ENUM_CONVERSION = YES;
				CLANG_WARN_INFINITE_RECURSION = YES;
				CLANG_WARN_INT_CONVERSION = YES;
				CLANG_WARN_NON_LITERAL_NULL_CONVERSION = YES;
				CLANG_WARN_OBJC_LITERAL_CONVERSION = YES;
				CLANG_WARN_OBJC_ROOT_CLASS = YES_ERROR;
				CLANG_WARN_RANGE_LOOP_ANALYSIS = YES;
				CLANG_WARN_STRICT_PROTOTYPES = YES;
				CLANG_WARN_SUSPICIOUS_MOVE = YES;
				CLANG_WARN_UNGUARDED_AVAILABILITY = YES_AGGRESSIVE;
				CLANG_WARN_UNREACHABLE_CODE = YES;
				CLANG_WARN__DUPLICATE_METHOD_MATCH = YES;
				CODE_SIGN_IDENTITY = "iPhone Developer";
				COPY_PHASE_STRIP = NO;
				DEBUG_INFORMATION_FORMAT = "dwarf-with-dsym";
				ENABLE_NS_ASSERTIONS = NO;
				ENABLE_STRICT_OBJC_MSGSEND = YES;
				GCC_C_LANGUAGE_STANDARD = gnu11;
				GCC_NO_COMMON_BLOCKS = YES;
				GCC_WARN_64_TO_32_BIT_CONVERSION = YES;
				GCC_WARN_ABOUT_RETURN_TYPE = YES_ERROR;
				GCC_WARN_UNDECLARED_SELECTOR = YES;
				GCC_WARN_UNINITIALIZED_AUTOS = YES_AGGRESSIVE;
				GCC_WARN_UNUSED_FUNCTION = YES;
				GCC_WARN_UNUSED_VARIABLE = YES;
				IPHONEOS_DEPLOYMENT_TARGET = 11.2;
				MTL_ENABLE_DEBUG_INFO = NO;
				SDKROOT = iphoneos;
				VALIDATE_PRODUCT = YES;
			};
			name = Release;
		};
		E320428920BFC4E400F0260B /* Debug */ = {
			isa = XCBuildConfiguration;
			buildSettings = {
				CODE_SIGN_STYLE = Automatic;
				DEVELOPMENT_TEAM = 39TX3BPNW3;
				ENABLE_BITCODE = NO;
				IPHONEOS_DEPLOYMENT_TARGET = 8.0;
				OTHER_LDFLAGS = "-ObjC";
				PRODUCT_NAME = "$(TARGET_NAME)";
				SKIP_INSTALL = YES;
				TARGETED_DEVICE_FAMILY = "1,2";
			};
			name = Debug;
		};
		E320428A20BFC4E400F0260B /* Release */ = {
			isa = XCBuildConfiguration;
			buildSettings = {
				CODE_SIGN_STYLE = Automatic;
				DEVELOPMENT_TEAM = 39TX3BPNW3;
				ENABLE_BITCODE = NO;
				IPHONEOS_DEPLOYMENT_TARGET = 8.0;
				OTHER_LDFLAGS = "-ObjC";
				PRODUCT_NAME = "$(TARGET_NAME)";
				SKIP_INSTALL = YES;
				TARGETED_DEVICE_FAMILY = "1,2";
			};
			name = Release;
		};
/* End XCBuildConfiguration section */

/* Begin XCConfigurationList section */
		E320427A20BFC4E400F0260B /* Build configuration list for PBXProject "xcode_compiler_tolua_lua53_iOS_lib" */ = {
			isa = XCConfigurationList;
			buildConfigurations = (
				E320428620BFC4E400F0260B /* Debug */,
				E320428720BFC4E400F0260B /* Release */,
			);
			defaultConfigurationIsVisible = 0;
			defaultConfigurationName = Release;
		};
		E320428820BFC4E400F0260B /* Build configuration list for PBXNativeTarget "xcode_compiler_tolua_lua53_iOS_lib" */ = {
			isa = XCConfigurationList;
			buildConfigurations = (
				E320428920BFC4E400F0260B /* Debug */,
				E320428A20BFC4E400F0260B /* Release */,
			);
			defaultConfigurationIsVisible = 0;
			defaultConfigurationName = Release;
		};
/* End XCConfigurationList section */
	};
	rootObject = E320427720BFC4E400F0260B /* Project object */;
}
